{"format_version":"1.2","terraform_version":"1.9.2","variables":{"project_name":{"value":"sec-iac"},"region":{"value":"eu-west-2"}},"planned_values":{"outputs":{"s3_bucket_name":{"sensitive":false,"type":"string","value":"sec-iac-ml-data-2025"},"sagemaker_endpoint_name":{"sensitive":false,"type":"string","value":"sec-iac-endpoint"}},"root_module":{"resources":[{"address":"aws_iam_role.sagemaker_execution_role","mode":"managed","type":"aws_iam_role","name":"sagemaker_execution_role","provider_name":"registry.terraform.io/hashicorp/aws","schema_version":0,"values":{"assume_role_policy":"{\"Statement\":[{\"Action\":\"sts:AssumeRole\",\"Effect\":\"Allow\",\"Principal\":{\"Service\":\"sagemaker.amazonaws.com\"}}],\"Version\":\"2012-10-17\"}","description":null,"force_detach_policies":false,"max_session_duration":3600,"name":"sec-iac-sagemaker-role","path":"/","permissions_boundary":null,"tags":null},"sensitive_values":{"inline_policy":[],"managed_policy_arns":[],"tags_all":{}}},{"address":"aws_iam_role_policy.s3_access","mode":"managed","type":"aws_iam_role_policy","name":"s3_access","provider_name":"registry.terraform.io/hashicorp/aws","schema_version":0,"values":{"name":"S3Access"},"sensitive_values":{}},{"address":"aws_iam_role_policy_attachment.sagemaker_full","mode":"managed","type":"aws_iam_role_policy_attachment","name":"sagemaker_full","provider_name":"registry.terraform.io/hashicorp/aws","schema_version":0,"values":{"policy_arn":"arn:aws:iam::aws:policy/AmazonSageMakerFullAccess","role":"sec-iac-sagemaker-role"},"sensitive_values":{}},{"address":"aws_s3_bucket.ml_data","mode":"managed","type":"aws_s3_bucket","name":"ml_data","provider_name":"registry.terraform.io/hashicorp/aws","schema_version":0,"values":{"bucket":"sec-iac-ml-data-2025","force_destroy":false,"region":"eu-west-2","tags":null,"timeouts":null},"sensitive_values":{"cors_rule":[],"grant":[],"lifecycle_rule":[],"logging":[],"object_lock_configuration":[],"replication_configuration":[],"server_side_encryption_configuration":[],"tags_all":{},"versioning":[],"website":[]}},{"address":"aws_sagemaker_endpoint.superman","mode":"managed","type":"aws_sagemaker_endpoint","name":"superman","provider_name":"registry.terraform.io/hashicorp/aws","schema_version":0,"values":{"deployment_config":[],"endpoint_config_name":"sec-iac-ep-config","name":"sec-iac-endpoint","region":"eu-west-2","tags":null},"sensitive_values":{"deployment_config":[],"tags_all":{}}},{"address":"aws_sagemaker_endpoint_configuration.superman","mode":"managed","type":"aws_sagemaker_endpoint_configuration","name":"superman","provider_name":"registry.terraform.io/hashicorp/aws","schema_version":0,"values":{"async_inference_config":[],"data_capture_config":[],"execution_role_arn":null,"kms_key_arn":null,"name":"sec-iac-ep-config","production_variants":[{"accelerator_type":null,"container_startup_health_check_timeout_in_seconds":null,"core_dump_config":[],"enable_ssm_access":null,"inference_ami_version":null,"initial_instance_count":1,"initial_variant_weight":1,"instance_type":"ml.t2.medium","managed_instance_scaling":[],"model_data_download_timeout_in_seconds":null,"model_name":"sec-iac-model","routing_config":[],"serverless_config":[],"variant_name":"AllTraffic"}],"region":"eu-west-2","shadow_production_variants":[],"tags":null},"sensitive_values":{"async_inference_config":[],"data_capture_config":[],"production_variants":[{"core_dump_config":[],"managed_instance_scaling":[],"routing_config":[],"serverless_config":[]}],"shadow_production_variants":[],"tags_all":{}}},{"address":"aws_sagemaker_model.superman","mode":"managed","type":"aws_sagemaker_model","name":"superman","provider_name":"registry.terraform.io/hashicorp/aws","schema_version":0,"values":{"container":[],"enable_network_isolation":null,"name":"sec-iac-model","primary_container":[{"container_hostname":null,"environment":null,"image":"763104318107.dkr.ecr.eu-west-2.amazonaws.com/tensorflow-training:2.13.1-cpu.py310-ubuntu20.04-v1","image_config":[],"inference_specification_name":null,"mode":"SingleModel","model_data_url":"s3://sec-iac-ml-data-2025/model/placeholder.tar.gz","model_package_name":null,"multi_model_config":[]}],"region":"eu-west-2","tags":{"signature":"sha256-abc123456789def","version":"1.0.0"},"tags_all":{"signature":"sha256-abc123456789def","version":"1.0.0"},"vpc_config":[{"subnets":["subnet-0336775147e07952e","subnet-03dbdf9ac50272904","subnet-075c7f2ce3c502135","subnet-0daa34df8302c5796","subnet-0ef88d6465466f7c8","subnet-0f33f9bcfe11ae8bc"]}]},"sensitive_values":{"container":[],"inference_execution_config":[],"primary_container":[{"additional_model_data_source":[],"image_config":[],"model_data_source":[],"multi_model_config":[]}],"tags":{},"tags_all":{},"vpc_config":[{"security_group_ids":[],"subnets":[false,false,false,false,false,false]}]}},{"address":"aws_sagemaker_notebook_instance.secure_notebook","mode":"managed","type":"aws_sagemaker_notebook_instance","name":"secure_notebook","provider_name":"registry.terraform.io/hashicorp/aws","schema_version":0,"values":{"additional_code_repositories":null,"default_code_repository":null,"direct_internet_access":"Disabled","instance_metadata_service_configuration":[],"instance_type":"ml.t3.medium","kms_key_id":null,"lifecycle_config_name":null,"name":"sec-iac-notebook","region":"eu-west-2","root_access":"Enabled","subnet_id":"subnet-0f33f9bcfe11ae8bc","tags":null,"volume_size":5},"sensitive_values":{"instance_metadata_service_configuration":[],"security_groups":[],"tags_all":{}}},{"address":"aws_security_group.sagemaker","mode":"managed","type":"aws_security_group","name":"sagemaker","provider_name":"registry.terraform.io/hashicorp/aws","schema_version":1,"values":{"description":"Managed by Terraform","egress":[{"cidr_blocks":["10.0.0.0/16"],"description":"Allow HTTPS traffic to internal VPC endpoints only","from_port":443,"ipv6_cidr_blocks":[],"prefix_list_ids":[],"protocol":"tcp","security_groups":[],"self":false,"to_port":443}],"name":"sec-iac-sagemaker-sg","region":"eu-west-2","revoke_rules_on_delete":false,"tags":{"Name":"secure-ai-sg"},"tags_all":{"Name":"secure-ai-sg"},"timeouts":null,"vpc_id":"vpc-07c1f80928f8adbf8"},"sensitive_values":{"egress":[{"cidr_blocks":[false],"ipv6_cidr_blocks":[],"prefix_list_ids":[],"security_groups":[]}],"ingress":[],"tags":{},"tags_all":{}}},{"address":"aws_vpc_endpoint.s3","mode":"managed","type":"aws_vpc_endpoint","name":"s3","provider_name":"registry.terraform.io/hashicorp/aws","schema_version":0,"values":{"auto_accept":null,"region":"eu-west-2","resource_configuration_arn":null,"route_table_ids":["rtb-010086ef7c505ad24"],"service_name":"com.amazonaws.eu-west-2.s3","service_network_arn":null,"tags":null,"timeouts":null,"vpc_endpoint_type":"Gateway","vpc_id":"vpc-07c1f80928f8adbf8"},"sensitive_values":{"cidr_blocks":[],"dns_entry":[],"dns_options":[],"network_interface_ids":[],"route_table_ids":[false],"security_group_ids":[],"subnet_configuration":[],"subnet_ids":[],"tags_all":{}}},{"address":"aws_vpc_endpoint.sagemaker_api","mode":"managed","type":"aws_vpc_endpoint","name":"sagemaker_api","provider_name":"registry.terraform.io/hashicorp/aws","schema_version":0,"values":{"auto_accept":null,"private_dns_enabled":true,"region":"eu-west-2","resource_configuration_arn":null,"service_name":"com.amazonaws.eu-west-2.sagemaker.api","service_network_arn":null,"subnet_ids":["subnet-0336775147e07952e","subnet-03dbdf9ac50272904","subnet-075c7f2ce3c502135","subnet-0daa34df8302c5796","subnet-0ef88d6465466f7c8","subnet-0f33f9bcfe11ae8bc"],"tags":null,"timeouts":null,"vpc_endpoint_type":"Interface","vpc_id":"vpc-07c1f80928f8adbf8"},"sensitive_values":{"cidr_blocks":[],"dns_entry":[],"dns_options":[],"network_interface_ids":[],"route_table_ids":[],"security_group_ids":[],"subnet_configuration":[],"subnet_ids":[false,false,false,false,false,false],"tags_all":{}}},{"address":"aws_vpc_endpoint.sagemaker_runtime","mode":"managed","type":"aws_vpc_endpoint","name":"sagemaker_runtime","provider_name":"registry.terraform.io/hashicorp/aws","schema_version":0,"values":{"auto_accept":null,"private_dns_enabled":true,"region":"eu-west-2","resource_configuration_arn":null,"service_name":"com.amazonaws.eu-west-2.sagemaker.runtime","service_network_arn":null,"subnet_ids":["subnet-0336775147e07952e","subnet-03dbdf9ac50272904","subnet-075c7f2ce3c502135","subnet-0daa34df8302c5796","subnet-0ef88d6465466f7c8","subnet-0f33f9bcfe11ae8bc"],"tags":null,"timeouts":null,"vpc_endpoint_type":"Interface","vpc_id":"vpc-07c1f80928f8adbf8"},"sensitive_values":{"cidr_blocks":[],"dns_entry":[],"dns_options":[],"network_interface_ids":[],"route_table_ids":[],"security_group_ids":[],"subnet_configuration":[],"subnet_ids":[false,false,false,false,false,false],"tags_all":{}}}]}},"resource_changes":[{"address":"aws_iam_role.sagemaker_execution_role","mode":"managed","type":"aws_iam_role","name":"sagemaker_execution_role","provider_name":"registry.terraform.io/hashicorp/aws","change":{"actions":["create"],"before":null,"after":{"assume_role_policy":"{\"Statement\":[{\"Action\":\"sts:AssumeRole\",\"Effect\":\"Allow\",\"Principal\":{\"Service\":\"sagemaker.amazonaws.com\"}}],\"Version\":\"2012-10-17\"}","description":null,"force_detach_policies":false,"max_session_duration":3600,"name":"sec-iac-sagemaker-role","path":"/","permissions_boundary":null,"tags":null},"after_unknown":{"arn":true,"create_date":true,"id":true,"inline_policy":true,"managed_policy_arns":true,"name_prefix":true,"tags_all":true,"unique_id":true},"before_sensitive":false,"after_sensitive":{"inline_policy":[],"managed_policy_arns":[],"tags_all":{}}}},{"address":"aws_iam_role_policy.s3_access","mode":"managed","type":"aws_iam_role_policy","name":"s3_access","provider_name":"registry.terraform.io/hashicorp/aws","change":{"actions":["create"],"before":null,"after":{"name":"S3Access"},"after_unknown":{"id":true,"name_prefix":true,"policy":true,"role":true},"before_sensitive":false,"after_sensitive":{}}},{"address":"aws_iam_role_policy_attachment.sagemaker_full","mode":"managed","type":"aws_iam_role_policy_attachment","name":"sagemaker_full","provider_name":"registry.terraform.io/hashicorp/aws","change":{"actions":["create"],"before":null,"after":{"policy_arn":"arn:aws:iam::aws:policy/AmazonSageMakerFullAccess","role":"sec-iac-sagemaker-role"},"after_unknown":{"id":true},"before_sensitive":false,"after_sensitive":{}}},{"address":"aws_s3_bucket.ml_data","mode":"managed","type":"aws_s3_bucket","name":"ml_data","provider_name":"registry.terraform.io/hashicorp/aws","change":{"actions":["create"],"before":null,"after":{"bucket":"sec-iac-ml-data-2025","force_destroy":false,"region":"eu-west-2","tags":null,"timeouts":null},"after_unknown":{"acceleration_status":true,"acl":true,"arn":true,"bucket_domain_name":true,"bucket_prefix":true,"bucket_region":true,"bucket_regional_domain_name":true,"cors_rule":true,"grant":true,"hosted_zone_id":true,"id":true,"lifecycle_rule":true,"logging":true,"object_lock_configuration":true,"object_lock_enabled":true,"policy":true,"replication_configuration":true,"request_payer":true,"server_side_encryption_configuration":true,"tags_all":true,"versioning":true,"website":true,"website_domain":true,"website_endpoint":true},"before_sensitive":false,"after_sensitive":{"cors_rule":[],"grant":[],"lifecycle_rule":[],"logging":[],"object_lock_configuration":[],"replication_configuration":[],"server_side_encryption_configuration":[],"tags_all":{},"versioning":[],"website":[]}}},{"address":"aws_sagemaker_endpoint.superman","mode":"managed","type":"aws_sagemaker_endpoint","name":"superman","provider_name":"registry.terraform.io/hashicorp/aws","change":{"actions":["create"],"before":null,"after":{"deployment_config":[],"endpoint_config_name":"sec-iac-ep-config","name":"sec-iac-endpoint","region":"eu-west-2","tags":null},"after_unknown":{"arn":true,"deployment_config":[],"id":true,"tags_all":true},"before_sensitive":false,"after_sensitive":{"deployment_config":[],"tags_all":{}}}},{"address":"aws_sagemaker_endpoint_configuration.superman","mode":"managed","type":"aws_sagemaker_endpoint_configuration","name":"superman","provider_name":"registry.terraform.io/hashicorp/aws","change":{"actions":["create"],"before":null,"after":{"async_inference_config":[],"data_capture_config":[],"execution_role_arn":null,"kms_key_arn":null,"name":"sec-iac-ep-config","production_variants":[{"accelerator_type":null,"container_startup_health_check_timeout_in_seconds":null,"core_dump_config":[],"enable_ssm_access":null,"inference_ami_version":null,"initial_instance_count":1,"initial_variant_weight":1,"instance_type":"ml.t2.medium","managed_instance_scaling":[],"model_data_download_timeout_in_seconds":null,"model_name":"sec-iac-model","routing_config":[],"serverless_config":[],"variant_name":"AllTraffic"}],"region":"eu-west-2","shadow_production_variants":[],"tags":null},"after_unknown":{"arn":true,"async_inference_config":[],"data_capture_config":[],"id":true,"name_prefix":true,"production_variants":[{"core_dump_config":[],"managed_instance_scaling":[],"routing_config":[],"serverless_config":[],"volume_size_in_gb":true}],"shadow_production_variants":[],"tags_all":true},"before_sensitive":false,"after_sensitive":{"async_inference_config":[],"data_capture_config":[],"production_variants":[{"core_dump_config":[],"managed_instance_scaling":[],"routing_config":[],"serverless_config":[]}],"shadow_production_variants":[],"tags_all":{}}}},{"address":"aws_sagemaker_model.superman","mode":"managed","type":"aws_sagemaker_model","name":"superman","provider_name":"registry.terraform.io/hashicorp/aws","change":{"actions":["create"],"before":null,"after":{"container":[],"enable_network_isolation":null,"name":"sec-iac-model","primary_container":[{"container_hostname":null,"environment":null,"image":"763104318107.dkr.ecr.eu-west-2.amazonaws.com/tensorflow-training:2.13.1-cpu.py310-ubuntu20.04-v1","image_config":[],"inference_specification_name":null,"mode":"SingleModel","model_data_url":"s3://sec-iac-ml-data-2025/model/placeholder.tar.gz","model_package_name":null,"multi_model_config":[]}],"region":"eu-west-2","tags":{"signature":"sha256-abc123456789def","version":"1.0.0"},"tags_all":{"signature":"sha256-abc123456789def","version":"1.0.0"},"vpc_config":[{"subnets":["subnet-0336775147e07952e","subnet-03dbdf9ac50272904","subnet-075c7f2ce3c502135","subnet-0daa34df8302c5796","subnet-0ef88d6465466f7c8","subnet-0f33f9bcfe11ae8bc"]}]},"after_unknown":{"arn":true,"container":[],"execution_role_arn":true,"id":true,"inference_execution_config":true,"primary_container":[{"additional_model_data_source":true,"image_config":[],"model_data_source":true,"multi_model_config":[]}],"tags":{},"tags_all":{},"vpc_config":[{"security_group_ids":true,"subnets":[false,false,false,false,false,false]}]},"before_sensitive":false,"after_sensitive":{"container":[],"inference_execution_config":[],"primary_container":[{"additional_model_data_source":[],"image_config":[],"model_data_source":[],"multi_model_config":[]}],"tags":{},"tags_all":{},"vpc_config":[{"security_group_ids":[],"subnets":[false,false,false,false,false,false]}]}}},{"address":"aws_sagemaker_notebook_instance.secure_notebook","mode":"managed","type":"aws_sagemaker_notebook_instance","name":"secure_notebook","provider_name":"registry.terraform.io/hashicorp/aws","change":{"actions":["create"],"before":null,"after":{"additional_code_repositories":null,"default_code_repository":null,"direct_internet_access":"Disabled","instance_metadata_service_configuration":[],"instance_type":"ml.t3.medium","kms_key_id":null,"lifecycle_config_name":null,"name":"sec-iac-notebook","region":"eu-west-2","root_access":"Enabled","subnet_id":"subnet-0f33f9bcfe11ae8bc","tags":null,"volume_size":5},"after_unknown":{"arn":true,"id":true,"instance_metadata_service_configuration":[],"network_interface_id":true,"platform_identifier":true,"role_arn":true,"security_groups":true,"tags_all":true,"url":true},"before_sensitive":false,"after_sensitive":{"instance_metadata_service_configuration":[],"security_groups":[],"tags_all":{}}}},{"address":"aws_security_group.sagemaker","mode":"managed","type":"aws_security_group","name":"sagemaker","provider_name":"registry.terraform.io/hashicorp/aws","change":{"actions":["create"],"before":null,"after":{"description":"Managed by Terraform","egress":[{"cidr_blocks":["10.0.0.0/16"],"description":"Allow HTTPS traffic to internal VPC endpoints only","from_port":443,"ipv6_cidr_blocks":[],"prefix_list_ids":[],"protocol":"tcp","security_groups":[],"self":false,"to_port":443}],"name":"sec-iac-sagemaker-sg","region":"eu-west-2","revoke_rules_on_delete":false,"tags":{"Name":"secure-ai-sg"},"tags_all":{"Name":"secure-ai-sg"},"timeouts":null,"vpc_id":"vpc-07c1f80928f8adbf8"},"after_unknown":{"arn":true,"egress":[{"cidr_blocks":[false],"ipv6_cidr_blocks":[],"prefix_list_ids":[],"security_groups":[]}],"id":true,"ingress":true,"name_prefix":true,"owner_id":true,"tags":{},"tags_all":{}},"before_sensitive":false,"after_sensitive":{"egress":[{"cidr_blocks":[false],"ipv6_cidr_blocks":[],"prefix_list_ids":[],"security_groups":[]}],"ingress":[],"tags":{},"tags_all":{}}}},{"address":"aws_vpc_endpoint.s3","mode":"managed","type":"aws_vpc_endpoint","name":"s3","provider_name":"registry.terraform.io/hashicorp/aws","change":{"actions":["create"],"before":null,"after":{"auto_accept":null,"region":"eu-west-2","resource_configuration_arn":null,"route_table_ids":["rtb-010086ef7c505ad24"],"service_name":"com.amazonaws.eu-west-2.s3","service_network_arn":null,"tags":null,"timeouts":null,"vpc_endpoint_type":"Gateway","vpc_id":"vpc-07c1f80928f8adbf8"},"after_unknown":{"arn":true,"cidr_blocks":true,"dns_entry":true,"dns_options":true,"id":true,"ip_address_type":true,"network_interface_ids":true,"owner_id":true,"policy":true,"prefix_list_id":true,"private_dns_enabled":true,"requester_managed":true,"route_table_ids":[false],"security_group_ids":true,"service_region":true,"state":true,"subnet_configuration":true,"subnet_ids":true,"tags_all":true},"before_sensitive":false,"after_sensitive":{"cidr_blocks":[],"dns_entry":[],"dns_options":[],"network_interface_ids":[],"route_table_ids":[false],"security_group_ids":[],"subnet_configuration":[],"subnet_ids":[],"tags_all":{}}}},{"address":"aws_vpc_endpoint.sagemaker_api","mode":"managed","type":"aws_vpc_endpoint","name":"sagemaker_api","provider_name":"registry.terraform.io/hashicorp/aws","change":{"actions":["create"],"before":null,"after":{"auto_accept":null,"private_dns_enabled":true,"region":"eu-west-2","resource_configuration_arn":null,"service_name":"com.amazonaws.eu-west-2.sagemaker.api","service_network_arn":null,"subnet_ids":["subnet-0336775147e07952e","subnet-03dbdf9ac50272904","subnet-075c7f2ce3c502135","subnet-0daa34df8302c5796","subnet-0ef88d6465466f7c8","subnet-0f33f9bcfe11ae8bc"],"tags":null,"timeouts":null,"vpc_endpoint_type":"Interface","vpc_id":"vpc-07c1f80928f8adbf8"},"after_unknown":{"arn":true,"cidr_blocks":true,"dns_entry":true,"dns_options":true,"id":true,"ip_address_type":true,"network_interface_ids":true,"owner_id":true,"policy":true,"prefix_list_id":true,"requester_managed":true,"route_table_ids":true,"security_group_ids":true,"service_region":true,"state":true,"subnet_configuration":true,"subnet_ids":[false,false,false,false,false,false],"tags_all":true},"before_sensitive":false,"after_sensitive":{"cidr_blocks":[],"dns_entry":[],"dns_options":[],"network_interface_ids":[],"route_table_ids":[],"security_group_ids":[],"subnet_configuration":[],"subnet_ids":[false,false,false,false,false,false],"tags_all":{}}}},{"address":"aws_vpc_endpoint.sagemaker_runtime","mode":"managed","type":"aws_vpc_endpoint","name":"sagemaker_runtime","provider_name":"registry.terraform.io/hashicorp/aws","change":{"actions":["create"],"before":null,"after":{"auto_accept":null,"private_dns_enabled":true,"region":"eu-west-2","resource_configuration_arn":null,"service_name":"com.amazonaws.eu-west-2.sagemaker.runtime","service_network_arn":null,"subnet_ids":["subnet-0336775147e07952e","subnet-03dbdf9ac50272904","subnet-075c7f2ce3c502135","subnet-0daa34df8302c5796","subnet-0ef88d6465466f7c8","subnet-0f33f9bcfe11ae8bc"],"tags":null,"timeouts":null,"vpc_endpoint_type":"Interface","vpc_id":"vpc-07c1f80928f8adbf8"},"after_unknown":{"arn":true,"cidr_blocks":true,"dns_entry":true,"dns_options":true,"id":true,"ip_address_type":true,"network_interface_ids":true,"owner_id":true,"policy":true,"prefix_list_id":true,"requester_managed":true,"route_table_ids":true,"security_group_ids":true,"service_region":true,"state":true,"subnet_configuration":true,"subnet_ids":[false,false,false,false,false,false],"tags_all":true},"before_sensitive":false,"after_sensitive":{"cidr_blocks":[],"dns_entry":[],"dns_options":[],"network_interface_ids":[],"route_table_ids":[],"security_group_ids":[],"subnet_configuration":[],"subnet_ids":[false,false,false,false,false,false],"tags_all":{}}}}],"output_changes":{"s3_bucket_name":{"actions":["create"],"before":null,"after":"sec-iac-ml-data-2025","after_unknown":false,"before_sensitive":false,"after_sensitive":false},"sagemaker_endpoint_name":{"actions":["create"],"before":null,"after":"sec-iac-endpoint","after_unknown":false,"before_sensitive":false,"after_sensitive":false}},"prior_state":{"format_version":"1.0","terraform_version":"1.9.2","values":{"outputs":{"s3_bucket_name":{"sensitive":false,"value":"sec-iac-ml-data-2025","type":"string"},"sagemaker_endpoint_name":{"sensitive":false,"value":"sec-iac-endpoint","type":"string"}},"root_module":{"resources":[{"address":"data.aws_subnets.default","mode":"data","type":"aws_subnets","name":"default","provider_name":"registry.terraform.io/hashicorp/aws","schema_version":0,"values":{"filter":[{"name":"vpc-id","values":["vpc-07c1f80928f8adbf8"]}],"id":"eu-west-2","ids":["subnet-0f33f9bcfe11ae8bc","subnet-0ef88d6465466f7c8","subnet-075c7f2ce3c502135","subnet-0336775147e07952e","subnet-03dbdf9ac50272904","subnet-0daa34df8302c5796"],"region":"eu-west-2","tags":null,"timeouts":null},"sensitive_values":{"filter":[{"values":[false]}],"ids":[false,false,false,false,false,false]}},{"address":"data.aws_vpc.default","mode":"data","type":"aws_vpc","name":"default","provider_name":"registry.terraform.io/hashicorp/aws","schema_version":0,"values":{"arn":"arn:aws:ec2:eu-west-2:466984621504:vpc/vpc-07c1f80928f8adbf8","cidr_block":"172.31.0.0/16","cidr_block_associations":[{"association_id":"vpc-cidr-assoc-03ceb4ec635e4f2da","cidr_block":"172.31.0.0/16","state":"associated"}],"default":true,"dhcp_options_id":"dopt-07a8ee81117ec01a2","enable_dns_hostnames":true,"enable_dns_support":true,"enable_network_address_usage_metrics":false,"filter":null,"id":"vpc-07c1f80928f8adbf8","instance_tenancy":"default","ipv6_association_id":"","ipv6_cidr_block":"","main_route_table_id":"rtb-010086ef7c505ad24","owner_id":"466984621504","region":"eu-west-2","state":null,"tags":{},"timeouts":null},"sensitive_values":{"cidr_block_associations":[{}],"tags":{}}}]}}},"configuration":{"provider_config":{"aws":{"name":"aws","full_name":"registry.terraform.io/hashicorp/aws","version_constraint":"\u003e= 5.70.0","expressions":{"region":{"references":["var.region"]}}}},"root_module":{"outputs":{"s3_bucket_name":{"expression":{"references":["aws_s3_bucket.ml_data.bucket","aws_s3_bucket.ml_data"]}},"sagemaker_endpoint_name":{"expression":{"references":["aws_sagemaker_endpoint.superman.name","aws_sagemaker_endpoint.superman"]}}},"resources":[{"address":"aws_iam_role.sagemaker_execution_role","mode":"managed","type":"aws_iam_role","name":"sagemaker_execution_role","provider_config_key":"aws","expressions":{"assume_role_policy":{},"name":{"references":["var.project_name"]}},"schema_version":0},{"address":"aws_iam_role_policy.s3_access","mode":"managed","type":"aws_iam_role_policy","name":"s3_access","provider_config_key":"aws","expressions":{"name":{"constant_value":"S3Access"},"policy":{"references":["aws_s3_bucket.ml_data.arn","aws_s3_bucket.ml_data","aws_s3_bucket.ml_data.arn","aws_s3_bucket.ml_data"]},"role":{"references":["aws_iam_role.sagemaker_execution_role.id","aws_iam_role.sagemaker_execution_role"]}},"schema_version":0},{"address":"aws_iam_role_policy_attachment.sagemaker_full","mode":"managed","type":"aws_iam_role_policy_attachment","name":"sagemaker_full","provider_config_key":"aws","expressions":{"policy_arn":{"constant_value":"arn:aws:iam::aws:policy/AmazonSageMakerFullAccess"},"role":{"references":["aws_iam_role.sagemaker_execution_role.name","aws_iam_role.sagemaker_execution_role"]}},"schema_version":0},{"address":"aws_s3_bucket.ml_data","mode":"managed","type":"aws_s3_bucket","name":"ml_data","provider_config_key":"aws","expressions":{"bucket":{"references":["var.project_name"]}},"schema_version":0},{"address":"aws_sagemaker_endpoint.superman","mode":"managed","type":"aws_sagemaker_endpoint","name":"superman","provider_config_key":"aws","expressions":{"endpoint_config_name":{"references":["aws_sagemaker_endpoint_configuration.superman.name","aws_sagemaker_endpoint_configuration.superman"]},"name":{"references":["var.project_name"]}},"schema_version":0},{"address":"aws_sagemaker_endpoint_configuration.superman","mode":"managed","type":"aws_sagemaker_endpoint_configuration","name":"superman","provider_config_key":"aws","expressions":{"name":{"references":["var.project_name"]},"production_variants":[{"initial_instance_count":{"constant_value":1},"instance_type":{"constant_value":"ml.t2.medium"},"model_name":{"references":["aws_sagemaker_model.superman.name","aws_sagemaker_model.superman"]},"variant_name":{"constant_value":"AllTraffic"}}]},"schema_version":0},{"address":"aws_sagemaker_model.superman","mode":"managed","type":"aws_sagemaker_model","name":"superman","provider_config_key":"aws","expressions":{"execution_role_arn":{"references":["aws_iam_role.sagemaker_execution_role.arn","aws_iam_role.sagemaker_execution_role"]},"name":{"references":["var.project_name"]},"primary_container":[{"image":{"references":["var.region"]},"model_data_url":{"references":["aws_s3_bucket.ml_data.bucket","aws_s3_bucket.ml_data"]}}],"tags":{"constant_value":{"signature":"sha256-abc123456789def","version":"1.0.0"}},"vpc_config":[{"security_group_ids":{"references":["aws_security_group.sagemaker.id","aws_security_group.sagemaker"]},"subnets":{"references":["data.aws_subnets.default.ids","data.aws_subnets.default"]}}]},"schema_version":0},{"address":"aws_sagemaker_notebook_instance.secure_notebook","mode":"managed","type":"aws_sagemaker_notebook_instance","name":"secure_notebook","provider_config_key":"aws","expressions":{"direct_internet_access":{"constant_value":"Disabled"},"instance_type":{"constant_value":"ml.t3.medium"},"name":{"references":["var.project_name"]},"role_arn":{"references":["aws_iam_role.sagemaker_execution_role.arn","aws_iam_role.sagemaker_execution_role"]},"security_groups":{"references":["aws_security_group.sagemaker.id","aws_security_group.sagemaker"]},"subnet_id":{"references":["data.aws_subnets.default.ids[0]","data.aws_subnets.default.ids","data.aws_subnets.default"]}},"schema_version":0},{"address":"aws_security_group.sagemaker","mode":"managed","type":"aws_security_group","name":"sagemaker","provider_config_key":"aws","expressions":{"egress":{"constant_value":[{"cidr_blocks":["10.0.0.0/16"],"description":"Allow HTTPS traffic to internal VPC endpoints only","from_port":443,"ipv6_cidr_blocks":null,"prefix_list_ids":null,"protocol":"tcp","security_groups":null,"self":null,"to_port":443}]},"name":{"references":["var.project_name"]},"tags":{"constant_value":{"Name":"secure-ai-sg"}},"vpc_id":{"references":["data.aws_vpc.default.id","data.aws_vpc.default"]}},"schema_version":1},{"address":"aws_vpc_endpoint.s3","mode":"managed","type":"aws_vpc_endpoint","name":"s3","provider_config_key":"aws","expressions":{"route_table_ids":{"references":["data.aws_vpc.default.main_route_table_id","data.aws_vpc.default","data.aws_vpc.default.main_route_table_id","data.aws_vpc.default"]},"service_name":{"references":["var.region"]},"vpc_endpoint_type":{"constant_value":"Gateway"},"vpc_id":{"references":["data.aws_vpc.default.id","data.aws_vpc.default"]}},"schema_version":0},{"address":"aws_vpc_endpoint.sagemaker_api","mode":"managed","type":"aws_vpc_endpoint","name":"sagemaker_api","provider_config_key":"aws","expressions":{"private_dns_enabled":{"constant_value":true},"security_group_ids":{"references":["aws_security_group.sagemaker.id","aws_security_group.sagemaker"]},"service_name":{"references":["var.region"]},"subnet_ids":{"references":["data.aws_subnets.default.ids","data.aws_subnets.default"]},"vpc_endpoint_type":{"constant_value":"Interface"},"vpc_id":{"references":["data.aws_vpc.default.id","data.aws_vpc.default"]}},"schema_version":0},{"address":"aws_vpc_endpoint.sagemaker_runtime","mode":"managed","type":"aws_vpc_endpoint","name":"sagemaker_runtime","provider_config_key":"aws","expressions":{"private_dns_enabled":{"constant_value":true},"security_group_ids":{"references":["aws_security_group.sagemaker.id","aws_security_group.sagemaker"]},"service_name":{"references":["var.region"]},"subnet_ids":{"references":["data.aws_subnets.default.ids","data.aws_subnets.default"]},"vpc_endpoint_type":{"constant_value":"Interface"},"vpc_id":{"references":["data.aws_vpc.default.id","data.aws_vpc.default"]}},"schema_version":0},{"address":"data.aws_subnets.default","mode":"data","type":"aws_subnets","name":"default","provider_config_key":"aws","expressions":{"filter":[{"name":{"constant_value":"vpc-id"},"values":{"references":["data.aws_vpc.default.id","data.aws_vpc.default"]}}]},"schema_version":0},{"address":"data.aws_vpc.default","mode":"data","type":"aws_vpc","name":"default","provider_config_key":"aws","expressions":{"default":{"constant_value":true}},"schema_version":0}],"variables":{"project_name":{"default":"sec-iac","description":"Project name"},"region":{"default":"eu-west-2","description":"AWS region"}}}},"relevant_attributes":[{"resource":"aws_sagemaker_endpoint.superman","attribute":["name"]},{"resource":"aws_iam_role.sagemaker_execution_role","attribute":["id"]},{"resource":"data.aws_vpc.default","attribute":["id"]},{"resource":"data.aws_subnets.default","attribute":["ids",0]},{"resource":"aws_iam_role.sagemaker_execution_role","attribute":["arn"]},{"resource":"data.aws_subnets.default","attribute":["ids"]},{"resource":"aws_s3_bucket.ml_data","attribute":["bucket"]},{"resource":"aws_sagemaker_model.superman","attribute":["name"]},{"resource":"aws_sagemaker_endpoint_configuration.superman","attribute":["name"]},{"resource":"aws_iam_role.sagemaker_execution_role","attribute":["name"]},{"resource":"aws_s3_bucket.ml_data","attribute":["arn"]},{"resource":"data.aws_vpc.default","attribute":["main_route_table_id"]},{"resource":"aws_security_group.sagemaker","attribute":["id"]}],"timestamp":"2025-12-29T23:48:16Z","applyable":true,"complete":true,"errored":false}
