{"format_version":"1.2","terraform_version":"1.9.2","variables":{"project_name":{"value":"sec-iac"},"region":{"value":"eu-west-2"}},"planned_values":{"outputs":{"s3_bucket_name":{"sensitive":false,"type":"string","value":"sec-iac-ml-data-2025"},"sagemaker_endpoint_name":{"sensitive":false,"type":"string","value":"sec-iac-endpoint"}},"root_module":{"resources":[{"address":"aws_cloudwatch_event_rule.remediate_s3_public","mode":"managed","type":"aws_cloudwatch_event_rule","name":"remediate_s3_public","provider_name":"registry.terraform.io/hashicorp/aws","schema_version":1,"values":{"description":"Triggers Lambda when Security Hub finds a public S3 bucket","event_bus_name":"default","event_pattern":"{\"detail\":{\"findings\":{\"Compliance\":{\"Status\":[\"FAILED\"]},\"GeneratorId\":[\"aws-foundational-security-best-practices/v/1.0.0/S3.1\"]}},\"detail-type\":[\"Security Hub Findings - Imported\"],\"source\":[\"aws.securityhub\"]}","force_destroy":false,"is_enabled":null,"name":"remediate-s3-public-access","region":"eu-west-2","role_arn":null,"schedule_expression":null,"state":null,"tags":{"CostCenter":"Sensitive-ML","Environment":"dev","Project":"AI Training Data"},"tags_all":{"CostCenter":"Sensitive-ML","Environment":"dev","Project":"AI Training Data"}},"sensitive_values":{"tags":{},"tags_all":{}}},{"address":"aws_cloudwatch_event_target.lambda_target","mode":"managed","type":"aws_cloudwatch_event_target","name":"lambda_target","provider_name":"registry.terraform.io/hashicorp/aws","schema_version":1,"values":{"appsync_target":[],"batch_target":[],"dead_letter_config":[],"ecs_target":[],"event_bus_name":"default","force_destroy":false,"http_target":[],"input":null,"input_path":null,"input_transformer":[],"kinesis_target":[],"redshift_target":[],"region":"eu-west-2","retry_policy":[],"role_arn":null,"rule":"remediate-s3-public-access","run_command_targets":[],"sagemaker_pipeline_target":[],"sqs_target":[],"target_id":"SendToLambda"},"sensitive_values":{"appsync_target":[],"batch_target":[],"dead_letter_config":[],"ecs_target":[],"http_target":[],"input_transformer":[],"kinesis_target":[],"redshift_target":[],"retry_policy":[],"run_command_targets":[],"sagemaker_pipeline_target":[],"sqs_target":[]}},{"address":"aws_iam_role.remediation_role","mode":"managed","type":"aws_iam_role","name":"remediation_role","provider_name":"registry.terraform.io/hashicorp/aws","schema_version":0,"values":{"assume_role_policy":"{\"Statement\":[{\"Action\":\"sts:AssumeRole\",\"Effect\":\"Allow\",\"Principal\":{\"Service\":\"lambda.amazonaws.com\"}}],\"Version\":\"2012-10-17\"}","description":null,"force_detach_policies":false,"max_session_duration":3600,"name":"sec-iac-remediation-lambda-role","path":"/","permissions_boundary":null,"tags":null},"sensitive_values":{"inline_policy":[],"managed_policy_arns":[],"tags_all":{}}},{"address":"aws_iam_role.sagemaker_execution_role","mode":"managed","type":"aws_iam_role","name":"sagemaker_execution_role","provider_name":"registry.terraform.io/hashicorp/aws","schema_version":0,"values":{"assume_role_policy":"{\"Statement\":[{\"Action\":\"sts:AssumeRole\",\"Effect\":\"Allow\",\"Principal\":{\"Service\":\"sagemaker.amazonaws.com\"}}],\"Version\":\"2012-10-17\"}","description":null,"force_detach_policies":false,"max_session_duration":3600,"name":"sec-iac-sagemaker-role","path":"/","permissions_boundary":null,"tags":null},"sensitive_values":{"inline_policy":[],"managed_policy_arns":[],"tags_all":{}}},{"address":"aws_iam_role_policy.remediation_policy","mode":"managed","type":"aws_iam_role_policy","name":"remediation_policy","provider_name":"registry.terraform.io/hashicorp/aws","schema_version":0,"values":{"name":"s3-remediation-permissions","policy":"{\"Version\":\"2012-10-17\",\"Statement\":[{\"Action\":[\"s3:PutBucketPublicAccessBlock\"],\"Effect\":\"Allow\",\"Resource\":\"*\"},{\"Action\":[\"logs:CreateLogGroup\",\"logs:CreateLogStream\",\"logs:PutLogEvents\"],\"Effect\":\"Allow\",\"Resource\":\"arn:aws:logs:*:*:*\"}]}"},"sensitive_values":{}},{"address":"aws_iam_role_policy.s3_access","mode":"managed","type":"aws_iam_role_policy","name":"s3_access","provider_name":"registry.terraform.io/hashicorp/aws","schema_version":0,"values":{"name":"S3Access"},"sensitive_values":{}},{"address":"aws_iam_role_policy_attachment.sagemaker_full","mode":"managed","type":"aws_iam_role_policy_attachment","name":"sagemaker_full","provider_name":"registry.terraform.io/hashicorp/aws","schema_version":0,"values":{"policy_arn":"arn:aws:iam::aws:policy/AmazonSageMakerFullAccess","role":"sec-iac-sagemaker-role"},"sensitive_values":{}},{"address":"aws_lambda_function.s3_fixer","mode":"managed","type":"aws_lambda_function","name":"s3_fixer","provider_name":"registry.terraform.io/hashicorp/aws","schema_version":0,"values":{"capacity_provider_config":[],"code_signing_config_arn":null,"dead_letter_config":[],"description":null,"durable_config":[],"environment":[{"variables":{"LOG_LEVEL":"INFO"}}],"file_system_config":[],"filename":"lambda_function_payload.zip","function_name":"sec-iac-s3-public-remediator","handler":"remediate_s3.lambda_handler","image_config":[],"image_uri":null,"kms_key_arn":null,"layers":null,"memory_size":128,"package_type":"Zip","publish":false,"publish_to":null,"region":"eu-west-2","replace_security_groups_on_destroy":null,"replacement_security_group_ids":null,"reserved_concurrent_executions":-1,"runtime":"python3.10","s3_bucket":null,"s3_key":null,"s3_object_version":null,"skip_destroy":false,"snap_start":[],"source_code_hash":"Rt058UyEmOegf9sStu5x5ogvkKAsUFrLeQKs2m3CFNg=","source_kms_key_arn":null,"tags":{"CostCenter":"Sensitive-ML","Environment":"dev","Project":"AI Training Data"},"tags_all":{"CostCenter":"Sensitive-ML","Environment":"dev","Project":"AI Training Data"},"tenancy_config":[],"timeout":3,"timeouts":null,"vpc_config":[]},"sensitive_values":{"architectures":[],"capacity_provider_config":[],"dead_letter_config":[],"durable_config":[],"environment":[{"variables":{}}],"ephemeral_storage":[],"file_system_config":[],"image_config":[],"logging_config":[],"snap_start":[],"tags":{},"tags_all":{},"tenancy_config":[],"tracing_config":[],"vpc_config":[]}},{"address":"aws_lambda_permission.allow_eventbridge","mode":"managed","type":"aws_lambda_permission","name":"allow_eventbridge","provider_name":"registry.terraform.io/hashicorp/aws","schema_version":0,"values":{"action":"lambda:InvokeFunction","event_source_token":null,"function_name":"sec-iac-s3-public-remediator","function_url_auth_type":null,"principal":"events.amazonaws.com","principal_org_id":null,"qualifier":null,"region":"eu-west-2","source_account":null,"statement_id":"AllowExecutionFromEventBridge"},"sensitive_values":{}},{"address":"aws_s3_bucket.ml_data","mode":"managed","type":"aws_s3_bucket","name":"ml_data","provider_name":"registry.terraform.io/hashicorp/aws","schema_version":0,"values":{"bucket":"sec-iac-ml-data-2025","force_destroy":false,"region":"eu-west-2","tags":{"CostCenter":"Sensitive-ML","Environment":"dev","Project":"AI Training Data"},"tags_all":{"CostCenter":"Sensitive-ML","Environment":"dev","Project":"AI Training Data"},"timeouts":null},"sensitive_values":{"cors_rule":[],"grant":[],"lifecycle_rule":[],"logging":[],"object_lock_configuration":[],"replication_configuration":[],"server_side_encryption_configuration":[],"tags":{},"tags_all":{},"versioning":[],"website":[]}},{"address":"aws_sagemaker_endpoint.superman","mode":"managed","type":"aws_sagemaker_endpoint","name":"superman","provider_name":"registry.terraform.io/hashicorp/aws","schema_version":0,"values":{"deployment_config":[],"endpoint_config_name":"sec-iac-ep-config","name":"sec-iac-endpoint","region":"eu-west-2","tags":{"CostCenter":"Sensitive-ML","Environment":"dev","Project":"AI Training Data"},"tags_all":{"CostCenter":"Sensitive-ML","Environment":"dev","Project":"AI Training Data"}},"sensitive_values":{"deployment_config":[],"tags":{},"tags_all":{}}},{"address":"aws_sagemaker_endpoint_configuration.superman","mode":"managed","type":"aws_sagemaker_endpoint_configuration","name":"superman","provider_name":"registry.terraform.io/hashicorp/aws","schema_version":0,"values":{"async_inference_config":[],"data_capture_config":[],"execution_role_arn":null,"kms_key_arn":null,"name":"sec-iac-ep-config","production_variants":[{"accelerator_type":null,"container_startup_health_check_timeout_in_seconds":null,"core_dump_config":[],"enable_ssm_access":null,"inference_ami_version":null,"initial_instance_count":1,"initial_variant_weight":1,"instance_type":"ml.t2.medium","managed_instance_scaling":[],"model_data_download_timeout_in_seconds":null,"model_name":"sec-iac-model","routing_config":[],"serverless_config":[],"variant_name":"AllTraffic"}],"region":"eu-west-2","shadow_production_variants":[],"tags":{"CostCenter":"Sensitive-ML","Environment":"dev","Project":"AI Training Data"},"tags_all":{"CostCenter":"Sensitive-ML","Environment":"dev","Project":"AI Training Data"}},"sensitive_values":{"async_inference_config":[],"data_capture_config":[],"production_variants":[{"core_dump_config":[],"managed_instance_scaling":[],"routing_config":[],"serverless_config":[]}],"shadow_production_variants":[],"tags":{},"tags_all":{}}},{"address":"aws_sagemaker_model.superman","mode":"managed","type":"aws_sagemaker_model","name":"superman","provider_name":"registry.terraform.io/hashicorp/aws","schema_version":0,"values":{"container":[],"enable_network_isolation":true,"name":"sec-iac-model","primary_container":[{"container_hostname":null,"environment":null,"image":"763104318107.dkr.ecr.eu-west-2.amazonaws.com/tensorflow-training:2.13.1-cpu.py310-ubuntu20.04-v1","image_config":[],"inference_specification_name":null,"mode":"SingleModel","model_data_url":"s3://sec-iac-ml-data-2025/model/placeholder.tar.gz","model_package_name":null,"multi_model_config":[]}],"region":"eu-west-2","tags":{"CostCenter":"Sensitive-ML","Environment":"dev","Project":"AI Training Data","signature":"sha256-abc123456789def","version":"1.0.0"},"tags_all":{"CostCenter":"Sensitive-ML","Environment":"dev","Project":"AI Training Data","signature":"sha256-abc123456789def","version":"1.0.0"},"vpc_config":[{"subnets":["subnet-00baab8bf69ad5953","subnet-06c859ab487d64eeb","subnet-0b299b4c648e982c5"]}]},"sensitive_values":{"container":[],"inference_execution_config":[],"primary_container":[{"additional_model_data_source":[],"image_config":[],"model_data_source":[],"multi_model_config":[]}],"tags":{},"tags_all":{},"vpc_config":[{"security_group_ids":[],"subnets":[false,false,false]}]}},{"address":"aws_sagemaker_notebook_instance.secure_notebook","mode":"managed","type":"aws_sagemaker_notebook_instance","name":"secure_notebook","provider_name":"registry.terraform.io/hashicorp/aws","schema_version":0,"values":{"additional_code_repositories":null,"default_code_repository":null,"direct_internet_access":"Disabled","instance_metadata_service_configuration":[],"instance_type":"ml.t3.medium","kms_key_id":null,"lifecycle_config_name":null,"name":"sec-iac-notebook","region":"eu-west-2","root_access":"Enabled","subnet_id":"subnet-06c859ab487d64eeb","tags":{"CostCenter":"Sensitive-ML","Environment":"dev","Project":"AI Training Data"},"tags_all":{"CostCenter":"Sensitive-ML","Environment":"dev","Project":"AI Training Data"},"volume_size":5},"sensitive_values":{"instance_metadata_service_configuration":[],"security_groups":[],"tags":{},"tags_all":{}}},{"address":"aws_security_group.sagemaker","mode":"managed","type":"aws_security_group","name":"sagemaker","provider_name":"registry.terraform.io/hashicorp/aws","schema_version":1,"values":{"description":"Managed by Terraform","egress":[{"cidr_blocks":["10.0.0.0/16"],"description":"Allow HTTPS traffic to internal VPC endpoints only","from_port":443,"ipv6_cidr_blocks":[],"prefix_list_ids":[],"protocol":"tcp","security_groups":[],"self":false,"to_port":443}],"name":"sec-iac-sagemaker-sg","region":"eu-west-2","revoke_rules_on_delete":false,"tags":{"CostCenter":"Sensitive-ML","Environment":"dev","Project":"AI Training Data"},"tags_all":{"CostCenter":"Sensitive-ML","Environment":"dev","Project":"AI Training Data"},"timeouts":null,"vpc_id":"vpc-03a74e4cbc381f9d1"},"sensitive_values":{"egress":[{"cidr_blocks":[false],"ipv6_cidr_blocks":[],"prefix_list_ids":[],"security_groups":[]}],"ingress":[],"tags":{},"tags_all":{}}},{"address":"aws_securityhub_account.main","mode":"managed","type":"aws_securityhub_account","name":"main","provider_name":"registry.terraform.io/hashicorp/aws","schema_version":1,"values":{"auto_enable_controls":true,"enable_default_standards":true,"region":"eu-west-2"},"sensitive_values":{}},{"address":"aws_securityhub_standards_subscription.cis","mode":"managed","type":"aws_securityhub_standards_subscription","name":"cis","provider_name":"registry.terraform.io/hashicorp/aws","schema_version":0,"values":{"region":"eu-west-2","standards_arn":"arn:aws:securityhub:::ruleset/cis-aws-foundations-benchmark/v/1.2.0","timeouts":null},"sensitive_values":{}},{"address":"aws_securityhub_standards_subscription.foundational","mode":"managed","type":"aws_securityhub_standards_subscription","name":"foundational","provider_name":"registry.terraform.io/hashicorp/aws","schema_version":0,"values":{"region":"eu-west-2","standards_arn":"arn:aws:securityhub:eu-west-2::standards/aws-foundational-security-best-practices/v/1.0.0","timeouts":null},"sensitive_values":{}},{"address":"aws_vpc_endpoint.s3","mode":"managed","type":"aws_vpc_endpoint","name":"s3","provider_name":"registry.terraform.io/hashicorp/aws","schema_version":0,"values":{"auto_accept":null,"region":"eu-west-2","resource_configuration_arn":null,"route_table_ids":["rtb-0550246abecb7e5ae"],"service_name":"com.amazonaws.eu-west-2.s3","service_network_arn":null,"tags":{"CostCenter":"Sensitive-ML","Environment":"dev","Project":"AI Training Data"},"tags_all":{"CostCenter":"Sensitive-ML","Environment":"dev","Project":"AI Training Data"},"timeouts":null,"vpc_endpoint_type":"Gateway","vpc_id":"vpc-03a74e4cbc381f9d1"},"sensitive_values":{"cidr_blocks":[],"dns_entry":[],"dns_options":[],"network_interface_ids":[],"route_table_ids":[false],"security_group_ids":[],"subnet_configuration":[],"subnet_ids":[],"tags":{},"tags_all":{}}},{"address":"aws_vpc_endpoint.sagemaker_api","mode":"managed","type":"aws_vpc_endpoint","name":"sagemaker_api","provider_name":"registry.terraform.io/hashicorp/aws","schema_version":0,"values":{"auto_accept":null,"private_dns_enabled":true,"region":"eu-west-2","resource_configuration_arn":null,"service_name":"com.amazonaws.eu-west-2.sagemaker.api","service_network_arn":null,"subnet_ids":["subnet-00baab8bf69ad5953","subnet-06c859ab487d64eeb","subnet-0b299b4c648e982c5"],"tags":{"CostCenter":"Sensitive-ML","Environment":"dev","Project":"AI Training Data"},"tags_all":{"CostCenter":"Sensitive-ML","Environment":"dev","Project":"AI Training Data"},"timeouts":null,"vpc_endpoint_type":"Interface","vpc_id":"vpc-03a74e4cbc381f9d1"},"sensitive_values":{"cidr_blocks":[],"dns_entry":[],"dns_options":[],"network_interface_ids":[],"route_table_ids":[],"security_group_ids":[],"subnet_configuration":[],"subnet_ids":[false,false,false],"tags":{},"tags_all":{}}},{"address":"aws_vpc_endpoint.sagemaker_runtime","mode":"managed","type":"aws_vpc_endpoint","name":"sagemaker_runtime","provider_name":"registry.terraform.io/hashicorp/aws","schema_version":0,"values":{"auto_accept":null,"private_dns_enabled":true,"region":"eu-west-2","resource_configuration_arn":null,"service_name":"com.amazonaws.eu-west-2.sagemaker.runtime","service_network_arn":null,"subnet_ids":["subnet-00baab8bf69ad5953","subnet-06c859ab487d64eeb","subnet-0b299b4c648e982c5"],"tags":{"CostCenter":"Sensitive-ML","Environment":"dev","Project":"AI Training Data"},"tags_all":{"CostCenter":"Sensitive-ML","Environment":"dev","Project":"AI Training Data"},"timeouts":null,"vpc_endpoint_type":"Interface","vpc_id":"vpc-03a74e4cbc381f9d1"},"sensitive_values":{"cidr_blocks":[],"dns_entry":[],"dns_options":[],"network_interface_ids":[],"route_table_ids":[],"security_group_ids":[],"subnet_configuration":[],"subnet_ids":[false,false,false],"tags":{},"tags_all":{}}}]}},"resource_changes":[{"address":"aws_cloudwatch_event_rule.remediate_s3_public","mode":"managed","type":"aws_cloudwatch_event_rule","name":"remediate_s3_public","provider_name":"registry.terraform.io/hashicorp/aws","change":{"actions":["create"],"before":null,"after":{"description":"Triggers Lambda when Security Hub finds a public S3 bucket","event_bus_name":"default","event_pattern":"{\"detail\":{\"findings\":{\"Compliance\":{\"Status\":[\"FAILED\"]},\"GeneratorId\":[\"aws-foundational-security-best-practices/v/1.0.0/S3.1\"]}},\"detail-type\":[\"Security Hub Findings - Imported\"],\"source\":[\"aws.securityhub\"]}","force_destroy":false,"is_enabled":null,"name":"remediate-s3-public-access","region":"eu-west-2","role_arn":null,"schedule_expression":null,"state":null,"tags":{"CostCenter":"Sensitive-ML","Environment":"dev","Project":"AI Training Data"},"tags_all":{"CostCenter":"Sensitive-ML","Environment":"dev","Project":"AI Training Data"}},"after_unknown":{"arn":true,"id":true,"name_prefix":true,"tags":{},"tags_all":{}},"before_sensitive":false,"after_sensitive":{"tags":{},"tags_all":{}}}},{"address":"aws_cloudwatch_event_target.lambda_target","mode":"managed","type":"aws_cloudwatch_event_target","name":"lambda_target","provider_name":"registry.terraform.io/hashicorp/aws","change":{"actions":["create"],"before":null,"after":{"appsync_target":[],"batch_target":[],"dead_letter_config":[],"ecs_target":[],"event_bus_name":"default","force_destroy":false,"http_target":[],"input":null,"input_path":null,"input_transformer":[],"kinesis_target":[],"redshift_target":[],"region":"eu-west-2","retry_policy":[],"role_arn":null,"rule":"remediate-s3-public-access","run_command_targets":[],"sagemaker_pipeline_target":[],"sqs_target":[],"target_id":"SendToLambda"},"after_unknown":{"appsync_target":[],"arn":true,"batch_target":[],"dead_letter_config":[],"ecs_target":[],"http_target":[],"id":true,"input_transformer":[],"kinesis_target":[],"redshift_target":[],"retry_policy":[],"run_command_targets":[],"sagemaker_pipeline_target":[],"sqs_target":[]},"before_sensitive":false,"after_sensitive":{"appsync_target":[],"batch_target":[],"dead_letter_config":[],"ecs_target":[],"http_target":[],"input_transformer":[],"kinesis_target":[],"redshift_target":[],"retry_policy":[],"run_command_targets":[],"sagemaker_pipeline_target":[],"sqs_target":[]}}},{"address":"aws_iam_role.remediation_role","mode":"managed","type":"aws_iam_role","name":"remediation_role","provider_name":"registry.terraform.io/hashicorp/aws","change":{"actions":["create"],"before":null,"after":{"assume_role_policy":"{\"Statement\":[{\"Action\":\"sts:AssumeRole\",\"Effect\":\"Allow\",\"Principal\":{\"Service\":\"lambda.amazonaws.com\"}}],\"Version\":\"2012-10-17\"}","description":null,"force_detach_policies":false,"max_session_duration":3600,"name":"sec-iac-remediation-lambda-role","path":"/","permissions_boundary":null,"tags":null},"after_unknown":{"arn":true,"create_date":true,"id":true,"inline_policy":true,"managed_policy_arns":true,"name_prefix":true,"tags_all":true,"unique_id":true},"before_sensitive":false,"after_sensitive":{"inline_policy":[],"managed_policy_arns":[],"tags_all":{}}}},{"address":"aws_iam_role.sagemaker_execution_role","mode":"managed","type":"aws_iam_role","name":"sagemaker_execution_role","provider_name":"registry.terraform.io/hashicorp/aws","change":{"actions":["create"],"before":null,"after":{"assume_role_policy":"{\"Statement\":[{\"Action\":\"sts:AssumeRole\",\"Effect\":\"Allow\",\"Principal\":{\"Service\":\"sagemaker.amazonaws.com\"}}],\"Version\":\"2012-10-17\"}","description":null,"force_detach_policies":false,"max_session_duration":3600,"name":"sec-iac-sagemaker-role","path":"/","permissions_boundary":null,"tags":null},"after_unknown":{"arn":true,"create_date":true,"id":true,"inline_policy":true,"managed_policy_arns":true,"name_prefix":true,"tags_all":true,"unique_id":true},"before_sensitive":false,"after_sensitive":{"inline_policy":[],"managed_policy_arns":[],"tags_all":{}}}},{"address":"aws_iam_role_policy.remediation_policy","mode":"managed","type":"aws_iam_role_policy","name":"remediation_policy","provider_name":"registry.terraform.io/hashicorp/aws","change":{"actions":["create"],"before":null,"after":{"name":"s3-remediation-permissions","policy":"{\"Version\":\"2012-10-17\",\"Statement\":[{\"Action\":[\"s3:PutBucketPublicAccessBlock\"],\"Effect\":\"Allow\",\"Resource\":\"*\"},{\"Action\":[\"logs:CreateLogGroup\",\"logs:CreateLogStream\",\"logs:PutLogEvents\"],\"Effect\":\"Allow\",\"Resource\":\"arn:aws:logs:*:*:*\"}]}"},"after_unknown":{"id":true,"name_prefix":true,"role":true},"before_sensitive":false,"after_sensitive":{}}},{"address":"aws_iam_role_policy.s3_access","mode":"managed","type":"aws_iam_role_policy","name":"s3_access","provider_name":"registry.terraform.io/hashicorp/aws","change":{"actions":["create"],"before":null,"after":{"name":"S3Access"},"after_unknown":{"id":true,"name_prefix":true,"policy":true,"role":true},"before_sensitive":false,"after_sensitive":{}}},{"address":"aws_iam_role_policy_attachment.sagemaker_full","mode":"managed","type":"aws_iam_role_policy_attachment","name":"sagemaker_full","provider_name":"registry.terraform.io/hashicorp/aws","change":{"actions":["create"],"before":null,"after":{"policy_arn":"arn:aws:iam::aws:policy/AmazonSageMakerFullAccess","role":"sec-iac-sagemaker-role"},"after_unknown":{"id":true},"before_sensitive":false,"after_sensitive":{}}},{"address":"aws_lambda_function.s3_fixer","mode":"managed","type":"aws_lambda_function","name":"s3_fixer","provider_name":"registry.terraform.io/hashicorp/aws","change":{"actions":["create"],"before":null,"after":{"capacity_provider_config":[],"code_signing_config_arn":null,"dead_letter_config":[],"description":null,"durable_config":[],"environment":[{"variables":{"LOG_LEVEL":"INFO"}}],"file_system_config":[],"filename":"lambda_function_payload.zip","function_name":"sec-iac-s3-public-remediator","handler":"remediate_s3.lambda_handler","image_config":[],"image_uri":null,"kms_key_arn":null,"layers":null,"memory_size":128,"package_type":"Zip","publish":false,"publish_to":null,"region":"eu-west-2","replace_security_groups_on_destroy":null,"replacement_security_group_ids":null,"reserved_concurrent_executions":-1,"runtime":"python3.10","s3_bucket":null,"s3_key":null,"s3_object_version":null,"skip_destroy":false,"snap_start":[],"source_code_hash":"Rt058UyEmOegf9sStu5x5ogvkKAsUFrLeQKs2m3CFNg=","source_kms_key_arn":null,"tags":{"CostCenter":"Sensitive-ML","Environment":"dev","Project":"AI Training Data"},"tags_all":{"CostCenter":"Sensitive-ML","Environment":"dev","Project":"AI Training Data"},"tenancy_config":[],"timeout":3,"timeouts":null,"vpc_config":[]},"after_unknown":{"architectures":true,"arn":true,"capacity_provider_config":[],"code_sha256":true,"dead_letter_config":[],"durable_config":[],"environment":[{"variables":{}}],"ephemeral_storage":true,"file_system_config":[],"id":true,"image_config":[],"invoke_arn":true,"last_modified":true,"logging_config":true,"qualified_arn":true,"qualified_invoke_arn":true,"role":true,"signing_job_arn":true,"signing_profile_version_arn":true,"snap_start":[],"source_code_size":true,"tags":{},"tags_all":{},"tenancy_config":[],"tracing_config":true,"version":true,"vpc_config":[]},"before_sensitive":false,"after_sensitive":{"architectures":[],"capacity_provider_config":[],"dead_letter_config":[],"durable_config":[],"environment":[{"variables":{}}],"ephemeral_storage":[],"file_system_config":[],"image_config":[],"logging_config":[],"snap_start":[],"tags":{},"tags_all":{},"tenancy_config":[],"tracing_config":[],"vpc_config":[]}}},{"address":"aws_lambda_permission.allow_eventbridge","mode":"managed","type":"aws_lambda_permission","name":"allow_eventbridge","provider_name":"registry.terraform.io/hashicorp/aws","change":{"actions":["create"],"before":null,"after":{"action":"lambda:InvokeFunction","event_source_token":null,"function_name":"sec-iac-s3-public-remediator","function_url_auth_type":null,"principal":"events.amazonaws.com","principal_org_id":null,"qualifier":null,"region":"eu-west-2","source_account":null,"statement_id":"AllowExecutionFromEventBridge"},"after_unknown":{"id":true,"source_arn":true,"statement_id_prefix":true},"before_sensitive":false,"after_sensitive":{}}},{"address":"aws_s3_bucket.ml_data","mode":"managed","type":"aws_s3_bucket","name":"ml_data","provider_name":"registry.terraform.io/hashicorp/aws","change":{"actions":["create"],"before":null,"after":{"bucket":"sec-iac-ml-data-2025","force_destroy":false,"region":"eu-west-2","tags":{"CostCenter":"Sensitive-ML","Environment":"dev","Project":"AI Training Data"},"tags_all":{"CostCenter":"Sensitive-ML","Environment":"dev","Project":"AI Training Data"},"timeouts":null},"after_unknown":{"acceleration_status":true,"acl":true,"arn":true,"bucket_domain_name":true,"bucket_prefix":true,"bucket_region":true,"bucket_regional_domain_name":true,"cors_rule":true,"grant":true,"hosted_zone_id":true,"id":true,"lifecycle_rule":true,"logging":true,"object_lock_configuration":true,"object_lock_enabled":true,"policy":true,"replication_configuration":true,"request_payer":true,"server_side_encryption_configuration":true,"tags":{},"tags_all":{},"versioning":true,"website":true,"website_domain":true,"website_endpoint":true},"before_sensitive":false,"after_sensitive":{"cors_rule":[],"grant":[],"lifecycle_rule":[],"logging":[],"object_lock_configuration":[],"replication_configuration":[],"server_side_encryption_configuration":[],"tags":{},"tags_all":{},"versioning":[],"website":[]}}},{"address":"aws_sagemaker_endpoint.superman","mode":"managed","type":"aws_sagemaker_endpoint","name":"superman","provider_name":"registry.terraform.io/hashicorp/aws","change":{"actions":["create"],"before":null,"after":{"deployment_config":[],"endpoint_config_name":"sec-iac-ep-config","name":"sec-iac-endpoint","region":"eu-west-2","tags":{"CostCenter":"Sensitive-ML","Environment":"dev","Project":"AI Training Data"},"tags_all":{"CostCenter":"Sensitive-ML","Environment":"dev","Project":"AI Training Data"}},"after_unknown":{"arn":true,"deployment_config":[],"id":true,"tags":{},"tags_all":{}},"before_sensitive":false,"after_sensitive":{"deployment_config":[],"tags":{},"tags_all":{}}}},{"address":"aws_sagemaker_endpoint_configuration.superman","mode":"managed","type":"aws_sagemaker_endpoint_configuration","name":"superman","provider_name":"registry.terraform.io/hashicorp/aws","change":{"actions":["create"],"before":null,"after":{"async_inference_config":[],"data_capture_config":[],"execution_role_arn":null,"kms_key_arn":null,"name":"sec-iac-ep-config","production_variants":[{"accelerator_type":null,"container_startup_health_check_timeout_in_seconds":null,"core_dump_config":[],"enable_ssm_access":null,"inference_ami_version":null,"initial_instance_count":1,"initial_variant_weight":1,"instance_type":"ml.t2.medium","managed_instance_scaling":[],"model_data_download_timeout_in_seconds":null,"model_name":"sec-iac-model","routing_config":[],"serverless_config":[],"variant_name":"AllTraffic"}],"region":"eu-west-2","shadow_production_variants":[],"tags":{"CostCenter":"Sensitive-ML","Environment":"dev","Project":"AI Training Data"},"tags_all":{"CostCenter":"Sensitive-ML","Environment":"dev","Project":"AI Training Data"}},"after_unknown":{"arn":true,"async_inference_config":[],"data_capture_config":[],"id":true,"name_prefix":true,"production_variants":[{"core_dump_config":[],"managed_instance_scaling":[],"routing_config":[],"serverless_config":[],"volume_size_in_gb":true}],"shadow_production_variants":[],"tags":{},"tags_all":{}},"before_sensitive":false,"after_sensitive":{"async_inference_config":[],"data_capture_config":[],"production_variants":[{"core_dump_config":[],"managed_instance_scaling":[],"routing_config":[],"serverless_config":[]}],"shadow_production_variants":[],"tags":{},"tags_all":{}}}},{"address":"aws_sagemaker_model.superman","mode":"managed","type":"aws_sagemaker_model","name":"superman","provider_name":"registry.terraform.io/hashicorp/aws","change":{"actions":["create"],"before":null,"after":{"container":[],"enable_network_isolation":true,"name":"sec-iac-model","primary_container":[{"container_hostname":null,"environment":null,"image":"763104318107.dkr.ecr.eu-west-2.amazonaws.com/tensorflow-training:2.13.1-cpu.py310-ubuntu20.04-v1","image_config":[],"inference_specification_name":null,"mode":"SingleModel","model_data_url":"s3://sec-iac-ml-data-2025/model/placeholder.tar.gz","model_package_name":null,"multi_model_config":[]}],"region":"eu-west-2","tags":{"CostCenter":"Sensitive-ML","Environment":"dev","Project":"AI Training Data","signature":"sha256-abc123456789def","version":"1.0.0"},"tags_all":{"CostCenter":"Sensitive-ML","Environment":"dev","Project":"AI Training Data","signature":"sha256-abc123456789def","version":"1.0.0"},"vpc_config":[{"subnets":["subnet-00baab8bf69ad5953","subnet-06c859ab487d64eeb","subnet-0b299b4c648e982c5"]}]},"after_unknown":{"arn":true,"container":[],"execution_role_arn":true,"id":true,"inference_execution_config":true,"primary_container":[{"additional_model_data_source":true,"image_config":[],"model_data_source":true,"multi_model_config":[]}],"tags":{},"tags_all":{},"vpc_config":[{"security_group_ids":true,"subnets":[false,false,false]}]},"before_sensitive":false,"after_sensitive":{"container":[],"inference_execution_config":[],"primary_container":[{"additional_model_data_source":[],"image_config":[],"model_data_source":[],"multi_model_config":[]}],"tags":{},"tags_all":{},"vpc_config":[{"security_group_ids":[],"subnets":[false,false,false]}]}}},{"address":"aws_sagemaker_notebook_instance.secure_notebook","mode":"managed","type":"aws_sagemaker_notebook_instance","name":"secure_notebook","provider_name":"registry.terraform.io/hashicorp/aws","change":{"actions":["create"],"before":null,"after":{"additional_code_repositories":null,"default_code_repository":null,"direct_internet_access":"Disabled","instance_metadata_service_configuration":[],"instance_type":"ml.t3.medium","kms_key_id":null,"lifecycle_config_name":null,"name":"sec-iac-notebook","region":"eu-west-2","root_access":"Enabled","subnet_id":"subnet-06c859ab487d64eeb","tags":{"CostCenter":"Sensitive-ML","Environment":"dev","Project":"AI Training Data"},"tags_all":{"CostCenter":"Sensitive-ML","Environment":"dev","Project":"AI Training Data"},"volume_size":5},"after_unknown":{"arn":true,"id":true,"instance_metadata_service_configuration":[],"network_interface_id":true,"platform_identifier":true,"role_arn":true,"security_groups":true,"tags":{},"tags_all":{},"url":true},"before_sensitive":false,"after_sensitive":{"instance_metadata_service_configuration":[],"security_groups":[],"tags":{},"tags_all":{}}}},{"address":"aws_security_group.sagemaker","mode":"managed","type":"aws_security_group","name":"sagemaker","provider_name":"registry.terraform.io/hashicorp/aws","change":{"actions":["create"],"before":null,"after":{"description":"Managed by Terraform","egress":[{"cidr_blocks":["10.0.0.0/16"],"description":"Allow HTTPS traffic to internal VPC endpoints only","from_port":443,"ipv6_cidr_blocks":[],"prefix_list_ids":[],"protocol":"tcp","security_groups":[],"self":false,"to_port":443}],"name":"sec-iac-sagemaker-sg","region":"eu-west-2","revoke_rules_on_delete":false,"tags":{"CostCenter":"Sensitive-ML","Environment":"dev","Project":"AI Training Data"},"tags_all":{"CostCenter":"Sensitive-ML","Environment":"dev","Project":"AI Training Data"},"timeouts":null,"vpc_id":"vpc-03a74e4cbc381f9d1"},"after_unknown":{"arn":true,"egress":[{"cidr_blocks":[false],"ipv6_cidr_blocks":[],"prefix_list_ids":[],"security_groups":[]}],"id":true,"ingress":true,"name_prefix":true,"owner_id":true,"tags":{},"tags_all":{}},"before_sensitive":false,"after_sensitive":{"egress":[{"cidr_blocks":[false],"ipv6_cidr_blocks":[],"prefix_list_ids":[],"security_groups":[]}],"ingress":[],"tags":{},"tags_all":{}}}},{"address":"aws_securityhub_account.main","mode":"managed","type":"aws_securityhub_account","name":"main","provider_name":"registry.terraform.io/hashicorp/aws","change":{"actions":["create"],"before":null,"after":{"auto_enable_controls":true,"enable_default_standards":true,"region":"eu-west-2"},"after_unknown":{"arn":true,"control_finding_generator":true,"id":true},"before_sensitive":false,"after_sensitive":{}}},{"address":"aws_securityhub_standards_subscription.cis","mode":"managed","type":"aws_securityhub_standards_subscription","name":"cis","provider_name":"registry.terraform.io/hashicorp/aws","change":{"actions":["create"],"before":null,"after":{"region":"eu-west-2","standards_arn":"arn:aws:securityhub:::ruleset/cis-aws-foundations-benchmark/v/1.2.0","timeouts":null},"after_unknown":{"id":true},"before_sensitive":false,"after_sensitive":{}}},{"address":"aws_securityhub_standards_subscription.foundational","mode":"managed","type":"aws_securityhub_standards_subscription","name":"foundational","provider_name":"registry.terraform.io/hashicorp/aws","change":{"actions":["create"],"before":null,"after":{"region":"eu-west-2","standards_arn":"arn:aws:securityhub:eu-west-2::standards/aws-foundational-security-best-practices/v/1.0.0","timeouts":null},"after_unknown":{"id":true},"before_sensitive":false,"after_sensitive":{}}},{"address":"aws_vpc_endpoint.s3","mode":"managed","type":"aws_vpc_endpoint","name":"s3","provider_name":"registry.terraform.io/hashicorp/aws","change":{"actions":["create"],"before":null,"after":{"auto_accept":null,"region":"eu-west-2","resource_configuration_arn":null,"route_table_ids":["rtb-0550246abecb7e5ae"],"service_name":"com.amazonaws.eu-west-2.s3","service_network_arn":null,"tags":{"CostCenter":"Sensitive-ML","Environment":"dev","Project":"AI Training Data"},"tags_all":{"CostCenter":"Sensitive-ML","Environment":"dev","Project":"AI Training Data"},"timeouts":null,"vpc_endpoint_type":"Gateway","vpc_id":"vpc-03a74e4cbc381f9d1"},"after_unknown":{"arn":true,"cidr_blocks":true,"dns_entry":true,"dns_options":true,"id":true,"ip_address_type":true,"network_interface_ids":true,"owner_id":true,"policy":true,"prefix_list_id":true,"private_dns_enabled":true,"requester_managed":true,"route_table_ids":[false],"security_group_ids":true,"service_region":true,"state":true,"subnet_configuration":true,"subnet_ids":true,"tags":{},"tags_all":{}},"before_sensitive":false,"after_sensitive":{"cidr_blocks":[],"dns_entry":[],"dns_options":[],"network_interface_ids":[],"route_table_ids":[false],"security_group_ids":[],"subnet_configuration":[],"subnet_ids":[],"tags":{},"tags_all":{}}}},{"address":"aws_vpc_endpoint.sagemaker_api","mode":"managed","type":"aws_vpc_endpoint","name":"sagemaker_api","provider_name":"registry.terraform.io/hashicorp/aws","change":{"actions":["create"],"before":null,"after":{"auto_accept":null,"private_dns_enabled":true,"region":"eu-west-2","resource_configuration_arn":null,"service_name":"com.amazonaws.eu-west-2.sagemaker.api","service_network_arn":null,"subnet_ids":["subnet-00baab8bf69ad5953","subnet-06c859ab487d64eeb","subnet-0b299b4c648e982c5"],"tags":{"CostCenter":"Sensitive-ML","Environment":"dev","Project":"AI Training Data"},"tags_all":{"CostCenter":"Sensitive-ML","Environment":"dev","Project":"AI Training Data"},"timeouts":null,"vpc_endpoint_type":"Interface","vpc_id":"vpc-03a74e4cbc381f9d1"},"after_unknown":{"arn":true,"cidr_blocks":true,"dns_entry":true,"dns_options":true,"id":true,"ip_address_type":true,"network_interface_ids":true,"owner_id":true,"policy":true,"prefix_list_id":true,"requester_managed":true,"route_table_ids":true,"security_group_ids":true,"service_region":true,"state":true,"subnet_configuration":true,"subnet_ids":[false,false,false],"tags":{},"tags_all":{}},"before_sensitive":false,"after_sensitive":{"cidr_blocks":[],"dns_entry":[],"dns_options":[],"network_interface_ids":[],"route_table_ids":[],"security_group_ids":[],"subnet_configuration":[],"subnet_ids":[false,false,false],"tags":{},"tags_all":{}}}},{"address":"aws_vpc_endpoint.sagemaker_runtime","mode":"managed","type":"aws_vpc_endpoint","name":"sagemaker_runtime","provider_name":"registry.terraform.io/hashicorp/aws","change":{"actions":["create"],"before":null,"after":{"auto_accept":null,"private_dns_enabled":true,"region":"eu-west-2","resource_configuration_arn":null,"service_name":"com.amazonaws.eu-west-2.sagemaker.runtime","service_network_arn":null,"subnet_ids":["subnet-00baab8bf69ad5953","subnet-06c859ab487d64eeb","subnet-0b299b4c648e982c5"],"tags":{"CostCenter":"Sensitive-ML","Environment":"dev","Project":"AI Training Data"},"tags_all":{"CostCenter":"Sensitive-ML","Environment":"dev","Project":"AI Training Data"},"timeouts":null,"vpc_endpoint_type":"Interface","vpc_id":"vpc-03a74e4cbc381f9d1"},"after_unknown":{"arn":true,"cidr_blocks":true,"dns_entry":true,"dns_options":true,"id":true,"ip_address_type":true,"network_interface_ids":true,"owner_id":true,"policy":true,"prefix_list_id":true,"requester_managed":true,"route_table_ids":true,"security_group_ids":true,"service_region":true,"state":true,"subnet_configuration":true,"subnet_ids":[false,false,false],"tags":{},"tags_all":{}},"before_sensitive":false,"after_sensitive":{"cidr_blocks":[],"dns_entry":[],"dns_options":[],"network_interface_ids":[],"route_table_ids":[],"security_group_ids":[],"subnet_configuration":[],"subnet_ids":[false,false,false],"tags":{},"tags_all":{}}}}],"output_changes":{"s3_bucket_name":{"actions":["create"],"before":null,"after":"sec-iac-ml-data-2025","after_unknown":false,"before_sensitive":false,"after_sensitive":false},"sagemaker_endpoint_name":{"actions":["create"],"before":null,"after":"sec-iac-endpoint","after_unknown":false,"before_sensitive":false,"after_sensitive":false}},"prior_state":{"format_version":"1.0","terraform_version":"1.9.2","values":{"outputs":{"s3_bucket_name":{"sensitive":false,"value":"sec-iac-ml-data-2025","type":"string"},"sagemaker_endpoint_name":{"sensitive":false,"value":"sec-iac-endpoint","type":"string"}},"root_module":{"resources":[{"address":"data.archive_file.lambda_zip","mode":"data","type":"archive_file","name":"lambda_zip","provider_name":"registry.terraform.io/hashicorp/archive","schema_version":0,"values":{"exclude_symlink_directories":null,"excludes":null,"id":"0802dc7b9341cf72a90922e8261652b99792bfcd","output_base64sha256":"Rt058UyEmOegf9sStu5x5ogvkKAsUFrLeQKs2m3CFNg=","output_base64sha512":"PSP2UhbpvKGd+trinQMFQPeANOR1YwNVqQBSi++NYydnhEnTX2yrVpAvYAmlNXclZnx6/iJyY09SmZ9pPj9T8Q==","output_file_mode":null,"output_md5":"a502cb33976b00efe8cdaabc2b118d79","output_path":"lambda_function_payload.zip","output_sha":"0802dc7b9341cf72a90922e8261652b99792bfcd","output_sha256":"46dd39f14c8498e7a07fdb12b6ee71e6882f90a02c505acb7902acda6dc214d8","output_sha512":"3d23f65216e9bca19dfadae29d030540f78034e475630355a900528bef8d6327678449d35f6cab56902f6009a5357725667c7afe2272634f52999f693e3f53f1","output_size":882,"source":[],"source_content":null,"source_content_filename":null,"source_dir":null,"source_file":"remediate_s3.py","type":"zip"},"sensitive_values":{"source":[]}},{"address":"data.aws_subnets.default","mode":"data","type":"aws_subnets","name":"default","provider_name":"registry.terraform.io/hashicorp/aws","schema_version":0,"values":{"filter":[{"name":"vpc-id","values":["vpc-03a74e4cbc381f9d1"]}],"id":"eu-west-2","ids":["subnet-06c859ab487d64eeb","subnet-0b299b4c648e982c5","subnet-00baab8bf69ad5953"],"region":"eu-west-2","tags":null,"timeouts":null},"sensitive_values":{"filter":[{"values":[false]}],"ids":[false,false,false]}},{"address":"data.aws_vpc.default","mode":"data","type":"aws_vpc","name":"default","provider_name":"registry.terraform.io/hashicorp/aws","schema_version":0,"values":{"arn":"arn:aws:ec2:eu-west-2:715841360340:vpc/vpc-03a74e4cbc381f9d1","cidr_block":"172.31.0.0/16","cidr_block_associations":[{"association_id":"vpc-cidr-assoc-00bfb34e7c728ae06","cidr_block":"172.31.0.0/16","state":"associated"}],"default":true,"dhcp_options_id":"dopt-0a2d55bbe0301f24e","enable_dns_hostnames":true,"enable_dns_support":true,"enable_network_address_usage_metrics":false,"filter":null,"id":"vpc-03a74e4cbc381f9d1","instance_tenancy":"default","ipv6_association_id":"","ipv6_cidr_block":"","main_route_table_id":"rtb-0550246abecb7e5ae","owner_id":"715841360340","region":"eu-west-2","state":null,"tags":{"Environment":"prd","Name":"joe-web"},"timeouts":null},"sensitive_values":{"cidr_block_associations":[{}],"tags":{}}}]}}},"configuration":{"provider_config":{"archive":{"name":"archive","full_name":"registry.terraform.io/hashicorp/archive"},"aws":{"name":"aws","full_name":"registry.terraform.io/hashicorp/aws","version_constraint":"\u003e= 5.70.0","expressions":{"region":{"references":["var.region"]}}}},"root_module":{"outputs":{"s3_bucket_name":{"expression":{"references":["aws_s3_bucket.ml_data.bucket","aws_s3_bucket.ml_data"]}},"sagemaker_endpoint_name":{"expression":{"references":["aws_sagemaker_endpoint.superman.name","aws_sagemaker_endpoint.superman"]}}},"resources":[{"address":"aws_cloudwatch_event_rule.remediate_s3_public","mode":"managed","type":"aws_cloudwatch_event_rule","name":"remediate_s3_public","provider_config_key":"aws","expressions":{"description":{"constant_value":"Triggers Lambda when Security Hub finds a public S3 bucket"},"event_pattern":{},"name":{"constant_value":"remediate-s3-public-access"},"tags":{"references":["local.common_tags"]}},"schema_version":1},{"address":"aws_cloudwatch_event_target.lambda_target","mode":"managed","type":"aws_cloudwatch_event_target","name":"lambda_target","provider_config_key":"aws","expressions":{"arn":{"references":["aws_lambda_function.s3_fixer.arn","aws_lambda_function.s3_fixer"]},"rule":{"references":["aws_cloudwatch_event_rule.remediate_s3_public.name","aws_cloudwatch_event_rule.remediate_s3_public"]},"target_id":{"constant_value":"SendToLambda"}},"schema_version":1},{"address":"aws_iam_role.remediation_role","mode":"managed","type":"aws_iam_role","name":"remediation_role","provider_config_key":"aws","expressions":{"assume_role_policy":{},"name":{"constant_value":"sec-iac-remediation-lambda-role"}},"schema_version":0},{"address":"aws_iam_role.sagemaker_execution_role","mode":"managed","type":"aws_iam_role","name":"sagemaker_execution_role","provider_config_key":"aws","expressions":{"assume_role_policy":{},"name":{"references":["var.project_name"]}},"schema_version":0},{"address":"aws_iam_role_policy.remediation_policy","mode":"managed","type":"aws_iam_role_policy","name":"remediation_policy","provider_config_key":"aws","expressions":{"name":{"constant_value":"s3-remediation-permissions"},"policy":{},"role":{"references":["aws_iam_role.remediation_role.id","aws_iam_role.remediation_role"]}},"schema_version":0},{"address":"aws_iam_role_policy.s3_access","mode":"managed","type":"aws_iam_role_policy","name":"s3_access","provider_config_key":"aws","expressions":{"name":{"constant_value":"S3Access"},"policy":{"references":["aws_s3_bucket.ml_data.arn","aws_s3_bucket.ml_data","aws_s3_bucket.ml_data.arn","aws_s3_bucket.ml_data"]},"role":{"references":["aws_iam_role.sagemaker_execution_role.id","aws_iam_role.sagemaker_execution_role"]}},"schema_version":0},{"address":"aws_iam_role_policy_attachment.sagemaker_full","mode":"managed","type":"aws_iam_role_policy_attachment","name":"sagemaker_full","provider_config_key":"aws","expressions":{"policy_arn":{"constant_value":"arn:aws:iam::aws:policy/AmazonSageMakerFullAccess"},"role":{"references":["aws_iam_role.sagemaker_execution_role.name","aws_iam_role.sagemaker_execution_role"]}},"schema_version":0},{"address":"aws_lambda_function.s3_fixer","mode":"managed","type":"aws_lambda_function","name":"s3_fixer","provider_config_key":"aws","expressions":{"environment":[{"variables":{"constant_value":{"LOG_LEVEL":"INFO"}}}],"filename":{"references":["data.archive_file.lambda_zip.output_path","data.archive_file.lambda_zip"]},"function_name":{"constant_value":"sec-iac-s3-public-remediator"},"handler":{"constant_value":"remediate_s3.lambda_handler"},"role":{"references":["aws_iam_role.remediation_role.arn","aws_iam_role.remediation_role"]},"runtime":{"constant_value":"python3.10"},"source_code_hash":{"references":["data.archive_file.lambda_zip.output_base64sha256","data.archive_file.lambda_zip"]},"tags":{"references":["local.common_tags"]}},"schema_version":0},{"address":"aws_lambda_permission.allow_eventbridge","mode":"managed","type":"aws_lambda_permission","name":"allow_eventbridge","provider_config_key":"aws","expressions":{"action":{"constant_value":"lambda:InvokeFunction"},"function_name":{"references":["aws_lambda_function.s3_fixer.function_name","aws_lambda_function.s3_fixer"]},"principal":{"constant_value":"events.amazonaws.com"},"source_arn":{"references":["aws_cloudwatch_event_rule.remediate_s3_public.arn","aws_cloudwatch_event_rule.remediate_s3_public"]},"statement_id":{"constant_value":"AllowExecutionFromEventBridge"}},"schema_version":0},{"address":"aws_s3_bucket.ml_data","mode":"managed","type":"aws_s3_bucket","name":"ml_data","provider_config_key":"aws","expressions":{"bucket":{"references":["var.project_name"]},"tags":{"references":["local.common_tags"]}},"schema_version":0},{"address":"aws_sagemaker_endpoint.superman","mode":"managed","type":"aws_sagemaker_endpoint","name":"superman","provider_config_key":"aws","expressions":{"endpoint_config_name":{"references":["aws_sagemaker_endpoint_configuration.superman.name","aws_sagemaker_endpoint_configuration.superman"]},"name":{"references":["var.project_name"]},"tags":{"references":["local.common_tags"]}},"schema_version":0},{"address":"aws_sagemaker_endpoint_configuration.superman","mode":"managed","type":"aws_sagemaker_endpoint_configuration","name":"superman","provider_config_key":"aws","expressions":{"name":{"references":["var.project_name"]},"production_variants":[{"initial_instance_count":{"constant_value":1},"instance_type":{"constant_value":"ml.t2.medium"},"model_name":{"references":["aws_sagemaker_model.superman.name","aws_sagemaker_model.superman"]},"variant_name":{"constant_value":"AllTraffic"}}],"tags":{"references":["local.common_tags"]}},"schema_version":0},{"address":"aws_sagemaker_model.superman","mode":"managed","type":"aws_sagemaker_model","name":"superman","provider_config_key":"aws","expressions":{"enable_network_isolation":{"constant_value":true},"execution_role_arn":{"references":["aws_iam_role.sagemaker_execution_role.arn","aws_iam_role.sagemaker_execution_role"]},"name":{"references":["var.project_name"]},"primary_container":[{"image":{"references":["var.region"]},"model_data_url":{"references":["aws_s3_bucket.ml_data.bucket","aws_s3_bucket.ml_data"]}}],"tags":{"references":["local.common_tags"]},"vpc_config":[{"security_group_ids":{"references":["aws_security_group.sagemaker.id","aws_security_group.sagemaker"]},"subnets":{"references":["data.aws_subnets.default.ids","data.aws_subnets.default"]}}]},"schema_version":0},{"address":"aws_sagemaker_notebook_instance.secure_notebook","mode":"managed","type":"aws_sagemaker_notebook_instance","name":"secure_notebook","provider_config_key":"aws","expressions":{"direct_internet_access":{"constant_value":"Disabled"},"instance_type":{"constant_value":"ml.t3.medium"},"name":{"references":["var.project_name"]},"role_arn":{"references":["aws_iam_role.sagemaker_execution_role.arn","aws_iam_role.sagemaker_execution_role"]},"security_groups":{"references":["aws_security_group.sagemaker.id","aws_security_group.sagemaker"]},"subnet_id":{"references":["data.aws_subnets.default.ids[0]","data.aws_subnets.default.ids","data.aws_subnets.default"]},"tags":{"references":["local.common_tags"]}},"schema_version":0},{"address":"aws_security_group.sagemaker","mode":"managed","type":"aws_security_group","name":"sagemaker","provider_config_key":"aws","expressions":{"egress":{"constant_value":[{"cidr_blocks":["10.0.0.0/16"],"description":"Allow HTTPS traffic to internal VPC endpoints only","from_port":443,"ipv6_cidr_blocks":null,"prefix_list_ids":null,"protocol":"tcp","security_groups":null,"self":null,"to_port":443}]},"name":{"references":["var.project_name"]},"tags":{"references":["local.common_tags"]},"vpc_id":{"references":["data.aws_vpc.default.id","data.aws_vpc.default"]}},"schema_version":1},{"address":"aws_securityhub_account.main","mode":"managed","type":"aws_securityhub_account","name":"main","provider_config_key":"aws","schema_version":1},{"address":"aws_securityhub_standards_subscription.cis","mode":"managed","type":"aws_securityhub_standards_subscription","name":"cis","provider_config_key":"aws","expressions":{"standards_arn":{"constant_value":"arn:aws:securityhub:::ruleset/cis-aws-foundations-benchmark/v/1.2.0"}},"schema_version":0,"depends_on":["aws_securityhub_account.main"]},{"address":"aws_securityhub_standards_subscription.foundational","mode":"managed","type":"aws_securityhub_standards_subscription","name":"foundational","provider_config_key":"aws","expressions":{"standards_arn":{"references":["var.region"]}},"schema_version":0,"depends_on":["aws_securityhub_account.main"]},{"address":"aws_vpc_endpoint.s3","mode":"managed","type":"aws_vpc_endpoint","name":"s3","provider_config_key":"aws","expressions":{"route_table_ids":{"references":["data.aws_vpc.default.main_route_table_id","data.aws_vpc.default","data.aws_vpc.default.main_route_table_id","data.aws_vpc.default"]},"service_name":{"references":["var.region"]},"tags":{"references":["local.common_tags"]},"vpc_endpoint_type":{"constant_value":"Gateway"},"vpc_id":{"references":["data.aws_vpc.default.id","data.aws_vpc.default"]}},"schema_version":0},{"address":"aws_vpc_endpoint.sagemaker_api","mode":"managed","type":"aws_vpc_endpoint","name":"sagemaker_api","provider_config_key":"aws","expressions":{"private_dns_enabled":{"constant_value":true},"security_group_ids":{"references":["aws_security_group.sagemaker.id","aws_security_group.sagemaker"]},"service_name":{"references":["var.region"]},"subnet_ids":{"references":["data.aws_subnets.default.ids","data.aws_subnets.default"]},"tags":{"references":["local.common_tags"]},"vpc_endpoint_type":{"constant_value":"Interface"},"vpc_id":{"references":["data.aws_vpc.default.id","data.aws_vpc.default"]}},"schema_version":0},{"address":"aws_vpc_endpoint.sagemaker_runtime","mode":"managed","type":"aws_vpc_endpoint","name":"sagemaker_runtime","provider_config_key":"aws","expressions":{"private_dns_enabled":{"constant_value":true},"security_group_ids":{"references":["aws_security_group.sagemaker.id","aws_security_group.sagemaker"]},"service_name":{"references":["var.region"]},"subnet_ids":{"references":["data.aws_subnets.default.ids","data.aws_subnets.default"]},"tags":{"references":["local.common_tags"]},"vpc_endpoint_type":{"constant_value":"Interface"},"vpc_id":{"references":["data.aws_vpc.default.id","data.aws_vpc.default"]}},"schema_version":0},{"address":"data.archive_file.lambda_zip","mode":"data","type":"archive_file","name":"lambda_zip","provider_config_key":"archive","expressions":{"output_path":{"constant_value":"lambda_function_payload.zip"},"source_file":{"constant_value":"remediate_s3.py"},"type":{"constant_value":"zip"}},"schema_version":0},{"address":"data.aws_subnets.default","mode":"data","type":"aws_subnets","name":"default","provider_config_key":"aws","expressions":{"filter":[{"name":{"constant_value":"vpc-id"},"values":{"references":["data.aws_vpc.default.id","data.aws_vpc.default"]}}]},"schema_version":0},{"address":"data.aws_vpc.default","mode":"data","type":"aws_vpc","name":"default","provider_config_key":"aws","expressions":{"default":{"constant_value":true}},"schema_version":0}],"variables":{"project_name":{"default":"sec-iac","description":"Project name"},"region":{"default":"eu-west-2","description":"AWS region"}}}},"relevant_attributes":[{"resource":"aws_sagemaker_endpoint_configuration.superman","attribute":["name"]},{"resource":"aws_s3_bucket.ml_data","attribute":["arn"]},{"resource":"aws_iam_role.sagemaker_execution_role","attribute":["id"]},{"resource":"aws_lambda_function.s3_fixer","attribute":["arn"]},{"resource":"aws_iam_role.sagemaker_execution_role","attribute":["arn"]},{"resource":"aws_s3_bucket.ml_data","attribute":["bucket"]},{"resource":"aws_sagemaker_model.superman","attribute":["name"]},{"resource":"aws_iam_role.sagemaker_execution_role","attribute":["name"]},{"resource":"aws_iam_role.remediation_role","attribute":["arn"]},{"resource":"data.archive_file.lambda_zip","attribute":["output_path"]},{"resource":"aws_lambda_function.s3_fixer","attribute":["function_name"]},{"resource":"data.aws_subnets.default","attribute":["ids",0]},{"resource":"data.aws_subnets.default","attribute":["ids"]},{"resource":"data.archive_file.lambda_zip","attribute":["output_base64sha256"]},{"resource":"aws_cloudwatch_event_rule.remediate_s3_public","attribute":["arn"]},{"resource":"data.aws_vpc.default","attribute":["id"]},{"resource":"aws_security_group.sagemaker","attribute":["id"]},{"resource":"aws_iam_role.remediation_role","attribute":["id"]},{"resource":"aws_cloudwatch_event_rule.remediate_s3_public","attribute":["name"]},{"resource":"data.aws_vpc.default","attribute":["main_route_table_id"]},{"resource":"aws_sagemaker_endpoint.superman","attribute":["name"]}],"timestamp":"2026-01-22T21:48:21Z","applyable":true,"complete":true,"errored":false}
